
Microsoft Visual Studio Solution File, Format Version 12.00
# Visual Studio 15
VisualStudioVersion = 15.0.28307.102
MinimumVisualStudioVersion = 10.0.40219.1
Project("{9A19103F-16F7-4668-BE54-9A1E7A4F7556}") = "Alex.Developer.Pension.Funds.Domain", "Alex.Developer.Pension.Funds\Alex.Developer.Pension.Funds.Domain.csproj", "{49DE0AB2-616F-4106-98A7-9A5E34C329A0}"
EndProject
Project("{FAE04EC0-301F-11D3-BF4B-00C04F79EFBC}") = "Alex.Developer.Pension.Funds.Shared", "Alex.Developer.Pension.Funds.Shared\Alex.Developer.Pension.Funds.Shared.csproj", "{664DFDB7-8ED2-4FF7-A445-05990DF87B29}"
EndProject
Global
	GlobalSection(SolutionConfigurationPlatforms) = preSolution
		Debug|Any CPU = Debug|Any CPU
		Release|Any CPU = Release|Any CPU
	EndGlobalSection
	GlobalSection(ProjectConfigurationPlatforms) = postSolution
		{49DE0AB2-616F-4106-98A7-9A5E34C329A0}.Debug|Any CPU.ActiveCfg = Debug|Any CPU
		{49DE0AB2-616F-4106-98A7-9A5E34C329A0}.Debug|Any CPU.Build.0 = Debug|Any CPU
		{49DE0AB2-616F-4106-98A7-9A5E34C329A0}.Release|Any CPU.ActiveCfg = Release|Any CPU
		{49DE0AB2-616F-4106-98A7-9A5E34C329A0}.Release|Any CPU.Build.0 = Release|Any CPU
		{664DFDB7-8ED2-4FF7-A445-05990DF87B29}.Debug|Any CPU.ActiveCfg = Debug|Any CPU
		{664DFDB7-8ED2-4FF7-A445-05990DF87B29}.Debug|Any CPU.Build.0 = Debug|Any CPU
		{664DFDB7-8ED2-4FF7-A445-05990DF87B29}.Release|Any CPU.ActiveCfg = Release|Any CPU
		{664DFDB7-8ED2-4FF7-A445-05990DF87B29}.Release|Any CPU.Build.0 = Release|Any CPU
	EndGlobalSection
	GlobalSection(SolutionProperties) = preSolution
		HideSolutionNode = FALSE
	EndGlobalSection
	GlobalSection(ExtensibilityGlobals) = postSolution
		SolutionGuid = {2E0A3502-86F6-45E9-BEC6-9E54935DDC1F}
	EndGlobalSection
EndGlobal
