
Microsoft Visual Studio Solution File, Format Version 12.00
# Visual Studio 15
VisualStudioVersion = 15.0.28307.102
MinimumVisualStudioVersion = 10.0.40219.1
Project("{9A19103F-16F7-4668-BE54-9A1E7A4F7556}") = "Alex.Developer.Pension.Funds.Domain", "Alex.Developer.Pension.Funds\Alex.Developer.Pension.Funds.Domain.csproj", "{49DE0AB2-616F-4106-98A7-9A5E34C329A0}"
EndProject
Project("{9A19103F-16F7-4668-BE54-9A1E7A4F7556}") = "Alex.Developer.Pension.Funds.Shared", "Alex.Developer.Pension.Funds.Shared\Alex.Developer.Pension.Funds.Shared.csproj", "{664DFDB7-8ED2-4FF7-A445-05990DF87B29}"
EndProject
Project("{FAE04EC0-301F-11D3-BF4B-00C04F79EFBC}") = "Alex.Developer.Pension.Funds.Infra", "Alex.Developer.Pension.Funds.Infra\Alex.Developer.Pension.Funds.Infra.csproj", "{D6E76A4A-3249-4603-AB94-6B9A66880A36}"
EndProject
Project("{FAE04EC0-301F-11D3-BF4B-00C04F79EFBC}") = "Alex.Developer.Pension.Funds.Tests", "Alex.Developer.Pension.Funds.Tests\Alex.Developer.Pension.Funds.Tests.csproj", "{BAECBFC4-AC44-404A-8054-C9FD0D8FEC3E}"
EndProject
Project("{FAE04EC0-301F-11D3-BF4B-00C04F79EFBC}") = "Alex.Developer.Pension.Funds.Api", "Alex.Developer.Pension.Funds.Api\Alex.Developer.Pension.Funds.Api.csproj", "{E21DB074-B88F-4E9B-AAE4-32E40A945EBE}"
EndProject
Global
	GlobalSection(SolutionConfigurationPlatforms) = preSolution
		Debug|Any CPU = Debug|Any CPU
		Release|Any CPU = Release|Any CPU
	EndGlobalSection
	GlobalSection(ProjectConfigurationPlatforms) = postSolution
		{49DE0AB2-616F-4106-98A7-9A5E34C329A0}.Debug|Any CPU.ActiveCfg = Debug|Any CPU
		{49DE0AB2-616F-4106-98A7-9A5E34C329A0}.Debug|Any CPU.Build.0 = Debug|Any CPU
		{49DE0AB2-616F-4106-98A7-9A5E34C329A0}.Release|Any CPU.ActiveCfg = Release|Any CPU
		{49DE0AB2-616F-4106-98A7-9A5E34C329A0}.Release|Any CPU.Build.0 = Release|Any CPU
		{664DFDB7-8ED2-4FF7-A445-05990DF87B29}.Debug|Any CPU.ActiveCfg = Debug|Any CPU
		{664DFDB7-8ED2-4FF7-A445-05990DF87B29}.Debug|Any CPU.Build.0 = Debug|Any CPU
		{664DFDB7-8ED2-4FF7-A445-05990DF87B29}.Release|Any CPU.ActiveCfg = Release|Any CPU
		{664DFDB7-8ED2-4FF7-A445-05990DF87B29}.Release|Any CPU.Build.0 = Release|Any CPU
		{D6E76A4A-3249-4603-AB94-6B9A66880A36}.Debug|Any CPU.ActiveCfg = Debug|Any CPU
		{D6E76A4A-3249-4603-AB94-6B9A66880A36}.Debug|Any CPU.Build.0 = Debug|Any CPU
		{D6E76A4A-3249-4603-AB94-6B9A66880A36}.Release|Any CPU.ActiveCfg = Release|Any CPU
		{D6E76A4A-3249-4603-AB94-6B9A66880A36}.Release|Any CPU.Build.0 = Release|Any CPU
		{BAECBFC4-AC44-404A-8054-C9FD0D8FEC3E}.Debug|Any CPU.ActiveCfg = Debug|Any CPU
		{BAECBFC4-AC44-404A-8054-C9FD0D8FEC3E}.Debug|Any CPU.Build.0 = Debug|Any CPU
		{BAECBFC4-AC44-404A-8054-C9FD0D8FEC3E}.Release|Any CPU.ActiveCfg = Release|Any CPU
		{BAECBFC4-AC44-404A-8054-C9FD0D8FEC3E}.Release|Any CPU.Build.0 = Release|Any CPU
		{E21DB074-B88F-4E9B-AAE4-32E40A945EBE}.Debug|Any CPU.ActiveCfg = Debug|Any CPU
		{E21DB074-B88F-4E9B-AAE4-32E40A945EBE}.Debug|Any CPU.Build.0 = Debug|Any CPU
		{E21DB074-B88F-4E9B-AAE4-32E40A945EBE}.Release|Any CPU.ActiveCfg = Release|Any CPU
		{E21DB074-B88F-4E9B-AAE4-32E40A945EBE}.Release|Any CPU.Build.0 = Release|Any CPU
	EndGlobalSection
	GlobalSection(SolutionProperties) = preSolution
		HideSolutionNode = FALSE
	EndGlobalSection
	GlobalSection(ExtensibilityGlobals) = postSolution
		SolutionGuid = {2E0A3502-86F6-45E9-BEC6-9E54935DDC1F}
	EndGlobalSection
EndGlobal
